
Microsoft Visual Studio Solution File, Format Version 12.00
# Visual Studio Version 16
VisualStudioVersion = 16.0.33423.256
MinimumVisualStudioVersion = 10.0.40219.1
Project("{FAE04EC0-301F-11D3-BF4B-00C04F79EFBC}") = "VK desktop", "VK desktop.csproj", "{BB28BE76-B711-4EB0-8C37-5834A5F59093}"
EndProject
Global
	GlobalSection(SolutionConfigurationPlatforms) = preSolution
		Debug|Any CPU = Debug|Any CPU
		Release|Any CPU = Release|Any CPU
	EndGlobalSection
	GlobalSection(ProjectConfigurationPlatforms) = postSolution
		{BB28BE76-B711-4EB0-8C37-5834A5F59093}.Debug|Any CPU.ActiveCfg = Debug|Any CPU
		{BB28BE76-B711-4EB0-8C37-5834A5F59093}.Debug|Any CPU.Build.0 = Debug|Any CPU
		{BB28BE76-B711-4EB0-8C37-5834A5F59093}.Release|Any CPU.ActiveCfg = Release|Any CPU
		{BB28BE76-B711-4EB0-8C37-5834A5F59093}.Release|Any CPU.Build.0 = Release|Any CPU
	EndGlobalSection
	GlobalSection(SolutionProperties) = preSolution
		HideSolutionNode = FALSE
	EndGlobalSection
	GlobalSection(ExtensibilityGlobals) = postSolution
		SolutionGuid = {2B346044-6E47-4359-BDB8-D1C02B5F38C8}
	EndGlobalSection
EndGlobal
